
Microsoft Visual Studio Solution File, Format Version 12.00
# Visual Studio 15
VisualStudioVersion = 15.0.28302.56
MinimumVisualStudioVersion = 10.0.40219.1
Project("{FAE04EC0-301F-11D3-BF4B-00C04F79EFBC}") = "Foosball", "Foosball\Foosball.csproj", "{A484D7C9-9197-4184-9F68-69F7A4010680}"
EndProject
Global
	GlobalSection(SolutionConfigurationPlatforms) = preSolution
		Debug|Any CPU = Debug|Any CPU
		Release|Any CPU = Release|Any CPU
	EndGlobalSection
	GlobalSection(ProjectConfigurationPlatforms) = postSolution
		{A484D7C9-9197-4184-9F68-69F7A4010680}.Debug|Any CPU.ActiveCfg = Debug|Any CPU
		{A484D7C9-9197-4184-9F68-69F7A4010680}.Debug|Any CPU.Build.0 = Debug|Any CPU
		{A484D7C9-9197-4184-9F68-69F7A4010680}.Release|Any CPU.ActiveCfg = Release|Any CPU
		{A484D7C9-9197-4184-9F68-69F7A4010680}.Release|Any CPU.Build.0 = Release|Any CPU
	EndGlobalSection
	GlobalSection(SolutionProperties) = preSolution
		HideSolutionNode = FALSE
	EndGlobalSection
	GlobalSection(ExtensibilityGlobals) = postSolution
		SolutionGuid = {3EB37B59-0F29-43E2-AF85-615208243D53}
	EndGlobalSection
EndGlobal
